<?xml version="1.0" encoding="utf-8"?>
<Project ToolsVersion="4.0" xmlns="http://schemas.microsoft.com/developer/msbuild/2003">
  <ItemGroup>
    <Filter Include="Pliki źródłowe">
      <UniqueIdentifier>{4FC737F1-C7A5-4376-A066-2A32D752A2FF}</UniqueIdentifier>
      <Extensions>cpp;c;cc;cxx;def;odl;idl;hpj;bat;asm;asmx</Extensions>
    </Filter>
    <Filter Include="Pliki nagłówkowe">
      <UniqueIdentifier>{93995380-89BD-4b04-88EB-625FBE52EBFB}</UniqueIdentifier>
      <Extensions>h;hh;hpp;hxx;hm;inl;inc;ipp;xsd</Extensions>
    </Filter>
    <Filter Include="Pliki zasobów">
      <UniqueIdentifier>{67DA6AB6-F800-4c08-8B7A-83BB121AAD01}</UniqueIdentifier>
      <Extensions>rc;ico;cur;bmp;dlg;rc2;rct;bin;rgs;gif;jpg;jpeg;jpe;resx;tiff;tif;png;wav;mfcribbon-ms</Extensions>
    </Filter>
  </ItemGroup>
  <ItemGroup>
    <ClCompile Include="main.c">
      <Filter>Pliki źródłowe</Filter>
    </ClCompile>
    <ClCompile Include="Functions.c">
      <Filter>Pliki źródłowe</Filter>
    </ClCompile>
    <ClCompile Include="Add_datas.c">
      <Filter>Pliki źródłowe</Filter>
    </ClCompile>
    <ClCompile Include="Add_window.c">
      <Filter>Pliki źródłowe</Filter>
    </ClCompile>
    <ClCompile Include="Number_of_lines.c">
      <Filter>Pliki źródłowe</Filter>
    </ClCompile>
  </ItemGroup>
  <ItemGroup>
    <ClInclude Include="Functions.h">
      <Filter>Pliki nagłówkowe</Filter>
    </ClInclude>
    <ClInclude Include="Add_datas.h">
      <Filter>Pliki nagłówkowe</Filter>
    </ClInclude>
    <ClInclude Include="Libraries.h">
      <Filter>Pliki nagłówkowe</Filter>
    </ClInclude>
    <ClInclude Include="Add_window.h">
      <Filter>Pliki nagłówkowe</Filter>
    </ClInclude>
    <ClInclude Include="Number_of_lines.h">
      <Filter>Pliki nagłówkowe</Filter>
    </ClInclude>
  </ItemGroup>
  <ItemGroup>
    <Text Include="titles.txt">
      <Filter>Pliki źródłowe</Filter>
    </Text>
    <Text Include="authors.txt">
      <Filter>Pliki źródłowe</Filter>
    </Text>
    <Text Include="years.txt">
      <Filter>Pliki źródłowe</Filter>
    </Text>
    <Text Include="formats.txt">
      <Filter>Pliki źródłowe</Filter>
    </Text>
    <Text Include="filePaths.txt">
      <Filter>Pliki źródłowe</Filter>
    </Text>
    <Text Include="comments.txt">
      <Filter>Pliki źródłowe</Filter>
    </Text>
  </ItemGroup>
</Project>